
Microsoft Visual Studio Solution File, Format Version 12.00
Project("{FAE04EC0-301F-11D3-BF4B-00C04F79EFBC}") = "AuthService", "AuthService\AuthService.csproj", "{F354C775-7C49-4072-AE0D-0F61DAAEF322}"
EndProject
Global
	GlobalSection(SolutionConfigurationPlatforms) = preSolution
		Debug|Any CPU = Debug|Any CPU
		Release|Any CPU = Release|Any CPU
	EndGlobalSection
	GlobalSection(ProjectConfigurationPlatforms) = postSolution
		{F354C775-7C49-4072-AE0D-0F61DAAEF322}.Debug|Any CPU.ActiveCfg = Debug|Any CPU
		{F354C775-7C49-4072-AE0D-0F61DAAEF322}.Debug|Any CPU.Build.0 = Debug|Any CPU
		{F354C775-7C49-4072-AE0D-0F61DAAEF322}.Release|Any CPU.ActiveCfg = Release|Any CPU
		{F354C775-7C49-4072-AE0D-0F61DAAEF322}.Release|Any CPU.Build.0 = Release|Any CPU
	EndGlobalSection
EndGlobal
